{
  "lockfile_version": "1",
  "packages": {
    "expat@latest": {
      "last_modified": "2024-09-10T15:01:03Z",
      "resolved": "github:NixOS/nixpkgs/5ed627539ac84809c78b2dd6d26a5cebeb5ae269#expat",
      "source": "devbox-search",
      "version": "2.6.2",
      "systems": {
        "aarch64-darwin": {
          "outputs": [
            {
              "name": "out",
              "path": "/nix/store/kpjz6vd2hfapkfkd9znkn64m0c7kz2dj-expat-2.6.2",
              "default": true
            },
            {
              "name": "dev",
              "path": "/nix/store/i4rd64s0bx5vykgdwsnim1f88f3lagxw-expat-2.6.2-dev"
            }
          ],
          "store_path": "/nix/store/kpjz6vd2hfapkfkd9znkn64m0c7kz2dj-expat-2.6.2"
        },
        "aarch64-linux": {
          "outputs": [
            {
              "name": "out",
              "path": "/nix/store/k4chz1lwfkqbmnyszv2n8n5yakgb0d8g-expat-2.6.2",
              "default": true
            },
            {
              "name": "dev",
              "path": "/nix/store/jwwwrdbd990i259nqyxsqw8iix523yla-expat-2.6.2-dev"
            }
          ],
          "store_path": "/nix/store/k4chz1lwfkqbmnyszv2n8n5yakgb0d8g-expat-2.6.2"
        },
        "x86_64-darwin": {
          "outputs": [
            {
              "name": "out",
              "path": "/nix/store/cwxm0m9dk18rkyxkgfw8n7cxiq0z4k3g-expat-2.6.2",
              "default": true
            },
            {
              "name": "dev",
              "path": "/nix/store/rp0rs63r5jlhvsa8b1p3y1md2gxln8ls-expat-2.6.2-dev"
            }
          ],
          "store_path": "/nix/store/cwxm0m9dk18rkyxkgfw8n7cxiq0z4k3g-expat-2.6.2"
        },
        "x86_64-linux": {
          "outputs": [
            {
              "name": "out",
              "path": "/nix/store/f0dmadrh535bpayz2r4q5lslg0m17lnw-expat-2.6.2",
              "default": true
            },
            {
              "name": "dev",
              "path": "/nix/store/cyccwyjsfqkg5p2k096wvd274nv80q0l-expat-2.6.2-dev"
            }
          ],
          "store_path": "/nix/store/f0dmadrh535bpayz2r4q5lslg0m17lnw-expat-2.6.2"
        }
      }
    },
    "libGL@latest": {
      "last_modified": "2024-09-10T15:01:03Z",
      "resolved": "github:NixOS/nixpkgs/5ed627539ac84809c78b2dd6d26a5cebeb5ae269#libGL",
      "source": "devbox-search",
      "version": "11.0.0",
      "systems": {
        "aarch64-darwin": {
          "outputs": [
            {
              "name": "out",
              "path": "/nix/store/cfsk4wrb6s78h0in2g1fs9i41vlsfv1z-apple-framework-OpenGL-11.0.0",
              "default": true
            }
          ],
          "store_path": "/nix/store/cfsk4wrb6s78h0in2g1fs9i41vlsfv1z-apple-framework-OpenGL-11.0.0"
        }
      }
    },
    "python311Full@latest": {
      "last_modified": "2024-09-10T15:01:03Z",
      "plugin_version": "0.0.4",
      "resolved": "github:NixOS/nixpkgs/5ed627539ac84809c78b2dd6d26a5cebeb5ae269#python311Full",
      "source": "devbox-search",
      "version": "3.11.9",
      "systems": {
        "aarch64-darwin": {
          "outputs": [
            {
              "name": "out",
              "path": "/nix/store/chfqvjwgv2ak93w1h9wy2nhixbi1h3g8-python3-3.11.9",
              "default": true
            }
          ],
          "store_path": "/nix/store/chfqvjwgv2ak93w1h9wy2nhixbi1h3g8-python3-3.11.9"
        },
        "aarch64-linux": {
          "outputs": [
            {
              "name": "out",
              "path": "/nix/store/93x43j3w851mx8l4hadbv45svzlr0j5g-python3-3.11.9",
              "default": true
            },
            {
              "name": "debug",
              "path": "/nix/store/9nn2zzvki38allfmaky57ghjlx5g503j-python3-3.11.9-debug"
            }
          ],
          "store_path": "/nix/store/93x43j3w851mx8l4hadbv45svzlr0j5g-python3-3.11.9"
        },
        "x86_64-darwin": {
          "outputs": [
            {
              "name": "out",
              "path": "/nix/store/7f32z7kmxy11hlms1vgbrbypgicrcg5s-python3-3.11.9",
              "default": true
            }
          ],
          "store_path": "/nix/store/7f32z7kmxy11hlms1vgbrbypgicrcg5s-python3-3.11.9"
        },
        "x86_64-linux": {
          "outputs": [
            {
              "name": "out",
              "path": "/nix/store/yhak8a9nndar7qj95fm6ba6rkfjyfypm-python3-3.11.9",
              "default": true
            },
            {
              "name": "debug",
              "path": "/nix/store/pkj1drl7bi9hjy81ak7p1sq9c42pggq7-python3-3.11.9-debug"
            }
          ],
          "store_path": "/nix/store/yhak8a9nndar7qj95fm6ba6rkfjyfypm-python3-3.11.9"
        }
      }
    },
    "python311Packages.ipykernel@latest": {
      "last_modified": "2024-09-10T15:01:03Z",
      "resolved": "github:NixOS/nixpkgs/5ed627539ac84809c78b2dd6d26a5cebeb5ae269#python311Packages.ipykernel",
      "source": "devbox-search",
      "version": "6.29.5",
      "systems": {
        "aarch64-darwin": {
          "outputs": [
            {
              "name": "out",
              "path": "/nix/store/m2fsgzviv87ppcl32jc2av9y7jbiniz0-python3.11-ipykernel-6.29.5",
              "default": true
            },
            {
              "name": "dist",
              "path": "/nix/store/5alid8w40plnpjw88c9n69n5k8bwkik9-python3.11-ipykernel-6.29.5-dist"
            }
          ],
          "store_path": "/nix/store/m2fsgzviv87ppcl32jc2av9y7jbiniz0-python3.11-ipykernel-6.29.5"
        },
        "aarch64-linux": {
          "outputs": [
            {
              "name": "out",
              "path": "/nix/store/1pwc2ybk89xipmvvx4hgds5aq6cb30dp-python3.11-ipykernel-6.29.5",
              "default": true
            },
            {
              "name": "dist",
              "path": "/nix/store/mzzbh9n3p60gwwmc1hz7drrdk4z8c6gi-python3.11-ipykernel-6.29.5-dist"
            }
          ],
          "store_path": "/nix/store/1pwc2ybk89xipmvvx4hgds5aq6cb30dp-python3.11-ipykernel-6.29.5"
        },
        "x86_64-darwin": {
          "outputs": [
            {
              "name": "out",
              "path": "/nix/store/ad1gn5fpf2r94cwpkddqmmfyfbbvnxnb-python3.11-ipykernel-6.29.5",
              "default": true
            },
            {
              "name": "dist",
              "path": "/nix/store/2qkpjfgy0zpypaq9xass4nws9nclqv7q-python3.11-ipykernel-6.29.5-dist"
            }
          ],
          "store_path": "/nix/store/ad1gn5fpf2r94cwpkddqmmfyfbbvnxnb-python3.11-ipykernel-6.29.5"
        },
        "x86_64-linux": {
          "outputs": [
            {
              "name": "out",
              "path": "/nix/store/axjqr63my7ycjg0xb7nzap24pc7p0g38-python3.11-ipykernel-6.29.5",
              "default": true
            },
            {
              "name": "dist",
              "path": "/nix/store/pmn0q0jw3mip3nn9ni680j6cxa2y2wwn-python3.11-ipykernel-6.29.5-dist"
            }
          ],
          "store_path": "/nix/store/axjqr63my7ycjg0xb7nzap24pc7p0g38-python3.11-ipykernel-6.29.5"
        }
      }
    },
    "python311Packages.pip@latest": {
      "last_modified": "2024-09-10T15:01:03Z",
      "resolved": "github:NixOS/nixpkgs/5ed627539ac84809c78b2dd6d26a5cebeb5ae269#python311Packages.pip",
      "source": "devbox-search",
      "version": "24.0",
      "systems": {
        "aarch64-darwin": {
          "outputs": [
            {
              "name": "out",
              "path": "/nix/store/ckni67h8iqidyzhgsd7fgx5ihgfrpqk5-python3.11-pip-24.0",
              "default": true
            },
            {
              "name": "man",
              "path": "/nix/store/gs2bn63f8s3hqjhiws774sbplsva0ms8-python3.11-pip-24.0-man",
              "default": true
            },
            {
              "name": "dist",
              "path": "/nix/store/pdmc4wm32l2vma3ygmhxq1dvd2wyy8jz-python3.11-pip-24.0-dist"
            }
          ],
          "store_path": "/nix/store/ckni67h8iqidyzhgsd7fgx5ihgfrpqk5-python3.11-pip-24.0"
        },
        "aarch64-linux": {
          "outputs": [
            {
              "name": "out",
              "path": "/nix/store/r30930px67zm59qavs1wrb4dafv3zvv6-python3.11-pip-24.0",
              "default": true
            },
            {
              "name": "man",
              "path": "/nix/store/94cmsqrmnivlydk77jmnh2lha8vd0q21-python3.11-pip-24.0-man",
              "default": true
            },
            {
              "name": "dist",
              "path": "/nix/store/cxv4ynjhxb9kd59xg8b02alkr0fjqiz5-python3.11-pip-24.0-dist"
            }
          ],
          "store_path": "/nix/store/r30930px67zm59qavs1wrb4dafv3zvv6-python3.11-pip-24.0"
        },
        "x86_64-darwin": {
          "outputs": [
            {
              "name": "out",
              "path": "/nix/store/wkwx7w9zcjwvzspls7r19hlpa7xl94w8-python3.11-pip-24.0",
              "default": true
            },
            {
              "name": "man",
              "path": "/nix/store/45cshzilw33zwdrl4yfdq675wzm13wsz-python3.11-pip-24.0-man",
              "default": true
            },
            {
              "name": "dist",
              "path": "/nix/store/h3k84d0r810lhwa9152z96ikilbnwgg2-python3.11-pip-24.0-dist"
            }
          ],
          "store_path": "/nix/store/wkwx7w9zcjwvzspls7r19hlpa7xl94w8-python3.11-pip-24.0"
        },
        "x86_64-linux": {
          "outputs": [
            {
              "name": "out",
              "path": "/nix/store/b4hrc7i8hzfzhvmq5qffyb748zkc4lkr-python3.11-pip-24.0",
              "default": true
            },
            {
              "name": "man",
              "path": "/nix/store/hvjfxrx4h92qm9y1jvw44ndy8fk61wlc-python3.11-pip-24.0-man",
              "default": true
            },
            {
              "name": "dist",
              "path": "/nix/store/npnd0dqb76jk3pw7n735r5ppzd1cr3w8-python3.11-pip-24.0-dist"
            }
          ],
          "store_path": "/nix/store/b4hrc7i8hzfzhvmq5qffyb748zkc4lkr-python3.11-pip-24.0"
        }
      }
    },
    "xorg.libX11@latest": {
      "last_modified": "2024-09-10T15:01:03Z",
      "resolved": "github:NixOS/nixpkgs/5ed627539ac84809c78b2dd6d26a5cebeb5ae269#xorg.libX11",
      "source": "devbox-search",
      "version": "1.8.10",
      "systems": {
        "aarch64-darwin": {
          "outputs": [
            {
              "name": "out",
              "path": "/nix/store/2ai21jj1sdbdmhd33li9wl8y9nhmch3y-libX11-1.8.10",
              "default": true
            },
            {
              "name": "man",
              "path": "/nix/store/3rs3fr8db2vs0vlkvfx0xkmx82fph883-libX11-1.8.10-man",
              "default": true
            },
            {
              "name": "dev",
              "path": "/nix/store/nw9jw86s777hd77lmg2z7cy6j4czbd1r-libX11-1.8.10-dev"
            }
          ],
          "store_path": "/nix/store/2ai21jj1sdbdmhd33li9wl8y9nhmch3y-libX11-1.8.10"
        },
        "aarch64-linux": {
          "outputs": [
            {
              "name": "out",
              "path": "/nix/store/7adz67dhildqdsm27273fvklw5a21lf4-libX11-1.8.10",
              "default": true
            },
            {
              "name": "man",
              "path": "/nix/store/dnxsxdncfljqpd2qs1x5a670ndfy68yr-libX11-1.8.10-man",
              "default": true
            },
            {
              "name": "dev",
              "path": "/nix/store/qspp7v4j454ws6zayp9fkhqbbw46vbr0-libX11-1.8.10-dev"
            }
          ],
          "store_path": "/nix/store/7adz67dhildqdsm27273fvklw5a21lf4-libX11-1.8.10"
        },
        "x86_64-darwin": {
          "outputs": [
            {
              "name": "out",
              "path": "/nix/store/s3d0frrp157n4zm1sx9van2c9aj4m54i-libX11-1.8.10",
              "default": true
            },
            {
              "name": "man",
              "path": "/nix/store/ccb17by6jlim5vcsjr3hiy7x77x800xy-libX11-1.8.10-man",
              "default": true
            },
            {
              "name": "dev",
              "path": "/nix/store/4kjviyi1f16sl4jmwjrrsn0dmjhjdfnf-libX11-1.8.10-dev"
            }
          ],
          "store_path": "/nix/store/s3d0frrp157n4zm1sx9van2c9aj4m54i-libX11-1.8.10"
        },
        "x86_64-linux": {
          "outputs": [
            {
              "name": "out",
              "path": "/nix/store/llfrkl8va8kv49q0ymqwx04apa52mck3-libX11-1.8.10",
              "default": true
            },
            {
              "name": "man",
              "path": "/nix/store/f6xckxx2rybmzc4g9rbfrgkgkxsvpfsh-libX11-1.8.10-man",
              "default": true
            },
            {
              "name": "dev",
              "path": "/nix/store/9rcc4vw6140z5s306jmppnfcys5782mk-libX11-1.8.10-dev"
            }
          ],
          "store_path": "/nix/store/llfrkl8va8kv49q0ymqwx04apa52mck3-libX11-1.8.10"
        }
      }
    }
  }
}
